{
  "requires": true,
  "lockfileVersion": 1,
  "dependencies": {
    "corepack": {
      "version": "0.10.0",
      "resolved": "https://registry.npmjs.org/corepack/-/corepack-0.10.0.tgz",
      "integrity": "sha512-aYNDvUd909DbxnC6XQtcvwEANhfis724VSifk/ADAAgJTc9cabKHR3tREJge0nIBr67vVEo1YPuLKgrnu7r99g=="
    }
  }
}
